// !$*UTF8*$!
{
	archiveVersion = 1;
	classes = {
	};
	objectVersion = 46;
	objects = {

/* Begin PBXBuildFile section */
		6AB3B0771C76F81A0003B8B2 /* main.m in Sources */ = {isa = PBXBuildFile; fileRef = 6AB3B0761C76F81A0003B8B2 /* main.m */; };
		6AB3B07A1C76F81A0003B8B2 /* AppDelegate.m in Sources */ = {isa = PBXBuildFile; fileRef = 6AB3B0791C76F81A0003B8B2 /* AppDelegate.m */; };
		6AB3B07D1C76F81A0003B8B2 /* ViewController.m in Sources */ = {isa = PBXBuildFile; fileRef = 6AB3B07C1C76F81A0003B8B2 /* ViewController.m */; };
		6AB3B0801C76F81A0003B8B2 /* Main.storyboard in Resources */ = {isa = PBXBuildFile; fileRef = 6AB3B07E1C76F81A0003B8B2 /* Main.storyboard */; };
		6AB3B0821C76F81A0003B8B2 /* Assets.xcassets in Resources */ = {isa = PBXBuildFile; fileRef = 6AB3B0811C76F81A0003B8B2 /* Assets.xcassets */; };
		6AB3B0851C76F81A0003B8B2 /* LaunchScreen.storyboard in Resources */ = {isa = PBXBuildFile; fileRef = 6AB3B0831C76F81A0003B8B2 /* LaunchScreen.storyboard */; };
		6AB3B0901C76F81A0003B8B2 /* WebViewImageTests.m in Sources */ = {isa = PBXBuildFile; fileRef = 6AB3B08F1C76F81A0003B8B2 /* WebViewImageTests.m */; };
		6AB3B09E1C76F9410003B8B2 /* WebImageZoomScrollView.m in Sources */ = {isa = PBXBuildFile; fileRef = 6AB3B09B1C76F9410003B8B2 /* WebImageZoomScrollView.m */; };
		6AB3B09F1C76F9410003B8B2 /* WebImgScrollView.m in Sources */ = {isa = PBXBuildFile; fileRef = 6AB3B09D1C76F9410003B8B2 /* WebImgScrollView.m */; };
		6AB3B0A21C76F9B60003B8B2 /* UIViewExt.m in Sources */ = {isa = PBXBuildFile; fileRef = 6AB3B0A11C76F9B60003B8B2 /* UIViewExt.m */; };
		6AB3B0A41C77020C0003B8B2 /* News_Picture_Save@2x.png in Resources */ = {isa = PBXBuildFile; fileRef = 6AB3B0A31C77020C0003B8B2 /* News_Picture_Save@2x.png */; };
		8EB9ED9B227BFF85E0D28C85 /* libPods.a in Frameworks */ = {isa = PBXBuildFile; fileRef = 52CB1FC79F49B751A4C5DC77 /* libPods.a */; };
/* End PBXBuildFile section */

/* Begin PBXContainerItemProxy section */
		6AB3B08C1C76F81A0003B8B2 /* PBXContainerItemProxy */ = {
			isa = PBXContainerItemProxy;
			containerPortal = 6AB3B06A1C76F81A0003B8B2 /* Project object */;
			proxyType = 1;
			remoteGlobalIDString = 6AB3B0711C76F81A0003B8B2;
			remoteInfo = WebViewImage;
		};
/* End PBXContainerItemProxy section */

/* Begin PBXFileReference section */
		0036B6D98F841B0332094D80 /* Pods.debug.xcconfig */ = {isa = PBXFileReference; includeInIndex = 1; lastKnownFileType = text.xcconfig; name = Pods.debug.xcconfig; path = "Pods/Target Support Files/Pods/Pods.debug.xcconfig"; sourceTree = "<group>"; };
		52CB1FC79F49B751A4C5DC77 /* libPods.a */ = {isa = PBXFileReference; explicitFileType = archive.ar; includeInIndex = 0; path = libPods.a; sourceTree = BUILT_PRODUCTS_DIR; };
		6AB3B0721C76F81A0003B8B2 /* WebViewImage.app */ = {isa = PBXFileReference; explicitFileType = wrapper.application; includeInIndex = 0; path = WebViewImage.app; sourceTree = BUILT_PRODUCTS_DIR; };
		6AB3B0761C76F81A0003B8B2 /* main.m */ = {isa = PBXFileReference; lastKnownFileType = sourcecode.c.objc; path = main.m; sourceTree = "<group>"; };
		6AB3B0781C76F81A0003B8B2 /* AppDelegate.h */ = {isa = PBXFileReference; lastKnownFileType = sourcecode.c.h; path = AppDelegate.h; sourceTree = "<group>"; };
		6AB3B0791C76F81A0003B8B2 /* AppDelegate.m */ = {isa = PBXFileReference; lastKnownFileType = sourcecode.c.objc; path = AppDelegate.m; sourceTree = "<group>"; };
		6AB3B07B1C76F81A0003B8B2 /* ViewController.h */ = {isa = PBXFileReference; lastKnownFileType = sourcecode.c.h; path = ViewController.h; sourceTree = "<group>"; };
		6AB3B07C1C76F81A0003B8B2 /* ViewController.m */ = {isa = PBXFileReference; lastKnownFileType = sourcecode.c.objc; path = ViewController.m; sourceTree = "<group>"; };
		6AB3B07F1C76F81A0003B8B2 /* Base */ = {isa = PBXFileReference; lastKnownFileType = file.storyboard; name = Base; path = Base.lproj/Main.storyboard; sourceTree = "<group>"; };
		6AB3B0811C76F81A0003B8B2 /* Assets.xcassets */ = {isa = PBXFileReference; lastKnownFileType = folder.assetcatalog; path = Assets.xcassets; sourceTree = "<group>"; };
		6AB3B0841C76F81A0003B8B2 /* Base */ = {isa = PBXFileReference; lastKnownFileType = file.storyboard; name = Base; path = Base.lproj/LaunchScreen.storyboard; sourceTree = "<group>"; };
		6AB3B0861C76F81A0003B8B2 /* Info.plist */ = {isa = PBXFileReference; lastKnownFileType = text.plist.xml; path = Info.plist; sourceTree = "<group>"; };
		6AB3B08B1C76F81A0003B8B2 /* WebViewImageTests.xctest */ = {isa = PBXFileReference; explicitFileType = wrapper.cfbundle; includeInIndex = 0; path = WebViewImageTests.xctest; sourceTree = BUILT_PRODUCTS_DIR; };
		6AB3B08F1C76F81A0003B8B2 /* WebViewImageTests.m */ = {isa = PBXFileReference; lastKnownFileType = sourcecode.c.objc; path = WebViewImageTests.m; sourceTree = "<group>"; };
		6AB3B0911C76F81A0003B8B2 /* Info.plist */ = {isa = PBXFileReference; lastKnownFileType = text.plist.xml; path = Info.plist; sourceTree = "<group>"; };
		6AB3B09A1C76F9410003B8B2 /* WebImageZoomScrollView.h */ = {isa = PBXFileReference; fileEncoding = 4; lastKnownFileType = sourcecode.c.h; path = WebImageZoomScrollView.h; sourceTree = "<group>"; };
		6AB3B09B1C76F9410003B8B2 /* WebImageZoomScrollView.m */ = {isa = PBXFileReference; fileEncoding = 4; lastKnownFileType = sourcecode.c.objc; path = WebImageZoomScrollView.m; sourceTree = "<group>"; };
		6AB3B09C1C76F9410003B8B2 /* WebImgScrollView.h */ = {isa = PBXFileReference; fileEncoding = 4; lastKnownFileType = sourcecode.c.h; path = WebImgScrollView.h; sourceTree = "<group>"; };
		6AB3B09D1C76F9410003B8B2 /* WebImgScrollView.m */ = {isa = PBXFileReference; fileEncoding = 4; lastKnownFileType = sourcecode.c.objc; path = WebImgScrollView.m; sourceTree = "<group>"; };
		6AB3B0A01C76F9B60003B8B2 /* UIViewExt.h */ = {isa = PBXFileReference; fileEncoding = 4; lastKnownFileType = sourcecode.c.h; path = UIViewExt.h; sourceTree = "<group>"; };
		6AB3B0A11C76F9B60003B8B2 /* UIViewExt.m */ = {isa = PBXFileReference; fileEncoding = 4; lastKnownFileType = sourcecode.c.objc; path = UIViewExt.m; sourceTree = "<group>"; };
		6AB3B0A31C77020C0003B8B2 /* News_Picture_Save@2x.png */ = {isa = PBXFileReference; lastKnownFileType = image.png; path = "News_Picture_Save@2x.png"; sourceTree = "<group>"; };
		E91434C758E48E2B1B762A20 /* Pods.release.xcconfig */ = {isa = PBXFileReference; includeInIndex = 1; lastKnownFileType = text.xcconfig; name = Pods.release.xcconfig; path = "Pods/Target Support Files/Pods/Pods.release.xcconfig"; sourceTree = "<group>"; };
/* End PBXFileReference section */

/* Begin PBXFrameworksBuildPhase section */
		6AB3B06F1C76F81A0003B8B2 /* Frameworks */ = {
			isa = PBXFrameworksBuildPhase;
			buildActionMask = 2147483647;
			files = (
				8EB9ED9B227BFF85E0D28C85 /* libPods.a in Frameworks */,
			);
			runOnlyForDeploymentPostprocessing = 0;
		};
		6AB3B0881C76F81A0003B8B2 /* Frameworks */ = {
			isa = PBXFrameworksBuildPhase;
			buildActionMask = 2147483647;
			files = (
			);
			runOnlyForDeploymentPostprocessing = 0;
		};
/* End PBXFrameworksBuildPhase section */

/* Begin PBXGroup section */
		6AB3B0691C76F81A0003B8B2 = {
			isa = PBXGroup;
			children = (
				6AB3B0741C76F81A0003B8B2 /* WebViewImage */,
				6AB3B08E1C76F81A0003B8B2 /* WebViewImageTests */,
				6AB3B0731C76F81A0003B8B2 /* Products */,
				9BA8FAB049163EBFBCFDEC94 /* Pods */,
				BDD229082A0DEA4C9ED22E27 /* Frameworks */,
			);
			sourceTree = "<group>";
		};
		6AB3B0731C76F81A0003B8B2 /* Products */ = {
			isa = PBXGroup;
			children = (
				6AB3B0721C76F81A0003B8B2 /* WebViewImage.app */,
				6AB3B08B1C76F81A0003B8B2 /* WebViewImageTests.xctest */,
			);
			name = Products;
			sourceTree = "<group>";
		};
		6AB3B0741C76F81A0003B8B2 /* WebViewImage */ = {
			isa = PBXGroup;
			children = (
				6AB3B0781C76F81A0003B8B2 /* AppDelegate.h */,
				6AB3B0791C76F81A0003B8B2 /* AppDelegate.m */,
				6AB3B07B1C76F81A0003B8B2 /* ViewController.h */,
				6AB3B07C1C76F81A0003B8B2 /* ViewController.m */,
				6AB3B0A01C76F9B60003B8B2 /* UIViewExt.h */,
				6AB3B0A11C76F9B60003B8B2 /* UIViewExt.m */,
				6AB3B09A1C76F9410003B8B2 /* WebImageZoomScrollView.h */,
				6AB3B09B1C76F9410003B8B2 /* WebImageZoomScrollView.m */,
				6AB3B09C1C76F9410003B8B2 /* WebImgScrollView.h */,
				6AB3B09D1C76F9410003B8B2 /* WebImgScrollView.m */,
				6AB3B07E1C76F81A0003B8B2 /* Main.storyboard */,
				6AB3B0811C76F81A0003B8B2 /* Assets.xcassets */,
				6AB3B0831C76F81A0003B8B2 /* LaunchScreen.storyboard */,
				6AB3B0861C76F81A0003B8B2 /* Info.plist */,
				6AB3B0751C76F81A0003B8B2 /* Supporting Files */,
			);
			path = WebViewImage;
			sourceTree = "<group>";
		};
		6AB3B0751C76F81A0003B8B2 /* Supporting Files */ = {
			isa = PBXGroup;
			children = (
				6AB3B0A31C77020C0003B8B2 /* News_Picture_Save@2x.png */,
				6AB3B0761C76F81A0003B8B2 /* main.m */,
			);
			name = "Supporting Files";
			sourceTree = "<group>";
		};
		6AB3B08E1C76F81A0003B8B2 /* WebViewImageTests */ = {
			isa = PBXGroup;
			children = (
				6AB3B08F1C76F81A0003B8B2 /* WebViewImageTests.m */,
				6AB3B0911C76F81A0003B8B2 /* Info.plist */,
			);
			path = WebViewImageTests;
			sourceTree = "<group>";
		};
		9BA8FAB049163EBFBCFDEC94 /* Pods */ = {
			isa = PBXGroup;
			children = (
				0036B6D98F841B0332094D80 /* Pods.debug.xcconfig */,
				E91434C758E48E2B1B762A20 /* Pods.release.xcconfig */,
			);
			name = Pods;
			sourceTree = "<group>";
		};
		BDD229082A0DEA4C9ED22E27 /* Frameworks */ = {
			isa = PBXGroup;
			children = (
				52CB1FC79F49B751A4C5DC77 /* libPods.a */,
			);
			name = Frameworks;
			sourceTree = "<group>";
		};
/* End PBXGroup section */

/* Begin PBXNativeTarget section */
		6AB3B0711C76F81A0003B8B2 /* WebViewImage */ = {
			isa = PBXNativeTarget;
			buildConfigurationList = 6AB3B0941C76F81A0003B8B2 /* Build configuration list for PBXNativeTarget "WebViewImage" */;
			buildPhases = (
				733F158B3A95C4F77094FF36 /* Check Pods Manifest.lock */,
				6AB3B06E1C76F81A0003B8B2 /* Sources */,
				6AB3B06F1C76F81A0003B8B2 /* Frameworks */,
				6AB3B0701C76F81A0003B8B2 /* Resources */,
				7CB16783AD2EEA33F109319D /* Embed Pods Frameworks */,
				1B678173F1BB2AF4CB923C1B /* Copy Pods Resources */,
			);
			buildRules = (
			);
			dependencies = (
			);
			name = WebViewImage;
			productName = WebViewImage;
			productReference = 6AB3B0721C76F81A0003B8B2 /* WebViewImage.app */;
			productType = "com.apple.product-type.application";
		};
		6AB3B08A1C76F81A0003B8B2 /* WebViewImageTests */ = {
			isa = PBXNativeTarget;
			buildConfigurationList = 6AB3B0971C76F81A0003B8B2 /* Build configuration list for PBXNativeTarget "WebViewImageTests" */;
			buildPhases = (
				6AB3B0871C76F81A0003B8B2 /* Sources */,
				6AB3B0881C76F81A0003B8B2 /* Frameworks */,
				6AB3B0891C76F81A0003B8B2 /* Resources */,
			);
			buildRules = (
			);
			dependencies = (
				6AB3B08D1C76F81A0003B8B2 /* PBXTargetDependency */,
			);
			name = WebViewImageTests;
			productName = WebViewImageTests;
			productReference = 6AB3B08B1C76F81A0003B8B2 /* WebViewImageTests.xctest */;
			productType = "com.apple.product-type.bundle.unit-test";
		};
/* End PBXNativeTarget section */

/* Begin PBXProject section */
		6AB3B06A1C76F81A0003B8B2 /* Project object */ = {
			isa = PBXProject;
			attributes = {
				LastUpgradeCheck = 0720;
				ORGANIZATIONNAME = FanKing;
				TargetAttributes = {
					6AB3B0711C76F81A0003B8B2 = {
						CreatedOnToolsVersion = 7.2.1;
						DevelopmentTeam = L23AN4MA3N;
					};
					6AB3B08A1C76F81A0003B8B2 = {
						CreatedOnToolsVersion = 7.2.1;
						TestTargetID = 6AB3B0711C76F81A0003B8B2;
					};
				};
			};
			buildConfigurationList = 6AB3B06D1C76F81A0003B8B2 /* Build configuration list for PBXProject "WebViewImage" */;
			compatibilityVersion = "Xcode 3.2";
			developmentRegion = English;
			hasScannedForEncodings = 0;
			knownRegions = (
				en,
				Base,
			);
			mainGroup = 6AB3B0691C76F81A0003B8B2;
			productRefGroup = 6AB3B0731C76F81A0003B8B2 /* Products */;
			projectDirPath = "";
			projectRoot = "";
			targets = (
				6AB3B0711C76F81A0003B8B2 /* WebViewImage */,
				6AB3B08A1C76F81A0003B8B2 /* WebViewImageTests */,
			);
		};
/* End PBXProject section */

/* Begin PBXResourcesBuildPhase section */
		6AB3B0701C76F81A0003B8B2 /* Resources */ = {
			isa = PBXResourcesBuildPhase;
			buildActionMask = 2147483647;
			files = (
				6AB3B0851C76F81A0003B8B2 /* LaunchScreen.storyboard in Resources */,
				6AB3B0821C76F81A0003B8B2 /* Assets.xcassets in Resources */,
				6AB3B0801C76F81A0003B8B2 /* Main.storyboard in Resources */,
				6AB3B0A41C77020C0003B8B2 /* News_Picture_Save@2x.png in Resources */,
			);
			runOnlyForDeploymentPostprocessing = 0;
		};
		6AB3B0891C76F81A0003B8B2 /* Resources */ = {
			isa = PBXResourcesBuildPhase;
			buildActionMask = 2147483647;
			files = (
			);
			runOnlyForDeploymentPostprocessing = 0;
		};
/* End PBXResourcesBuildPhase section */

/* Begin PBXShellScriptBuildPhase section */
		1B678173F1BB2AF4CB923C1B /* Copy Pods Resources */ = {
			isa = PBXShellScriptBuildPhase;
			buildActionMask = 2147483647;
			files = (
			);
			inputPaths = (
			);
			name = "Copy Pods Resources";
			outputPaths = (
			);
			runOnlyForDeploymentPostprocessing = 0;
			shellPath = /bin/sh;
			shellScript = "\"${SRCROOT}/Pods/Target Support Files/Pods/Pods-resources.sh\"\n";
			showEnvVarsInLog = 0;
		};
		733F158B3A95C4F77094FF36 /* Check Pods Manifest.lock */ = {
			isa = PBXShellScriptBuildPhase;
			buildActionMask = 2147483647;
			files = (
			);
			inputPaths = (
			);
			name = "Check Pods Manifest.lock";
			outputPaths = (
			);
			runOnlyForDeploymentPostprocessing = 0;
			shellPath = /bin/sh;
			shellScript = "diff \"${PODS_ROOT}/../Podfile.lock\" \"${PODS_ROOT}/Manifest.lock\" > /dev/null\nif [[ $? != 0 ]] ; then\n    cat << EOM\nerror: The sandbox is not in sync with the Podfile.lock. Run 'pod install' or update your CocoaPods installation.\nEOM\n    exit 1\nfi\n";
			showEnvVarsInLog = 0;
		};
		7CB16783AD2EEA33F109319D /* Embed Pods Frameworks */ = {
			isa = PBXShellScriptBuildPhase;
			buildActionMask = 2147483647;
			files = (
			);
			inputPaths = (
			);
			name = "Embed Pods Frameworks";
			outputPaths = (
			);
			runOnlyForDeploymentPostprocessing = 0;
			shellPath = /bin/sh;
			shellScript = "\"${SRCROOT}/Pods/Target Support Files/Pods/Pods-frameworks.sh\"\n";
			showEnvVarsInLog = 0;
		};
/* End PBXShellScriptBuildPhase section */

/* Begin PBXSourcesBuildPhase section */
		6AB3B06E1C76F81A0003B8B2 /* Sources */ = {
			isa = PBXSourcesBuildPhase;
			buildActionMask = 2147483647;
			files = (
				6AB3B07D1C76F81A0003B8B2 /* ViewController.m in Sources */,
				6AB3B07A1C76F81A0003B8B2 /* AppDelegate.m in Sources */,
				6AB3B09F1C76F9410003B8B2 /* WebImgScrollView.m in Sources */,
				6AB3B0771C76F81A0003B8B2 /* main.m in Sources */,
				6AB3B0A21C76F9B60003B8B2 /* UIViewExt.m in Sources */,
				6AB3B09E1C76F9410003B8B2 /* WebImageZoomScrollView.m in Sources */,
			);
			runOnlyForDeploymentPostprocessing = 0;
		};
		6AB3B0871C76F81A0003B8B2 /* Sources */ = {
			isa = PBXSourcesBuildPhase;
			buildActionMask = 2147483647;
			files = (
				6AB3B0901C76F81A0003B8B2 /* WebViewImageTests.m in Sources */,
			);
			runOnlyForDeploymentPostprocessing = 0;
		};
/* End PBXSourcesBuildPhase section */

/* Begin PBXTargetDependency section */
		6AB3B08D1C76F81A0003B8B2 /* PBXTargetDependency */ = {
			isa = PBXTargetDependency;
			target = 6AB3B0711C76F81A0003B8B2 /* WebViewImage */;
			targetProxy = 6AB3B08C1C76F81A0003B8B2 /* PBXContainerItemProxy */;
		};
/* End PBXTargetDependency section */

/* Begin PBXVariantGroup section */
		6AB3B07E1C76F81A0003B8B2 /* Main.storyboard */ = {
			isa = PBXVariantGroup;
			children = (
				6AB3B07F1C76F81A0003B8B2 /* Base */,
			);
			name = Main.storyboard;
			sourceTree = "<group>";
		};
		6AB3B0831C76F81A0003B8B2 /* LaunchScreen.storyboard */ = {
			isa = PBXVariantGroup;
			children = (
				6AB3B0841C76F81A0003B8B2 /* Base */,
			);
			name = LaunchScreen.storyboard;
			sourceTree = "<group>";
		};
/* End PBXVariantGroup section */

/* Begin XCBuildConfiguration section */
		6AB3B0921C76F81A0003B8B2 /* Debug */ = {
			isa = XCBuildConfiguration;
			buildSettings = {
				ALWAYS_SEARCH_USER_PATHS = NO;
				CLANG_CXX_LANGUAGE_STANDARD = "gnu++0x";
				CLANG_CXX_LIBRARY = "libc++";
				CLANG_ENABLE_MODULES = YES;
				CLANG_ENABLE_OBJC_ARC = YES;
				CLANG_WARN_BOOL_CONVERSION = YES;
				CLANG_WARN_CONSTANT_CONVERSION = YES;
				CLANG_WARN_DIRECT_OBJC_ISA_USAGE = YES_ERROR;
				CLANG_WARN_EMPTY_BODY = YES;
				CLANG_WARN_ENUM_CONVERSION = YES;
				CLANG_WARN_INT_CONVERSION = YES;
				CLANG_WARN_OBJC_ROOT_CLASS = YES_ERROR;
				CLANG_WARN_UNREACHABLE_CODE = YES;
				CLANG_WARN__DUPLICATE_METHOD_MATCH = YES;
				"CODE_SIGN_IDENTITY[sdk=iphoneos*]" = "iPhone Developer";
				COPY_PHASE_STRIP = NO;
				DEBUG_INFORMATION_FORMAT = dwarf;
				ENABLE_STRICT_OBJC_MSGSEND = YES;
				ENABLE_TESTABILITY = YES;
				GCC_C_LANGUAGE_STANDARD = gnu99;
				GCC_DYNAMIC_NO_PIC = NO;
				GCC_NO_COMMON_BLOCKS = YES;
				GCC_OPTIMIZATION_LEVEL = 0;
				GCC_PREPROCESSOR_DEFINITIONS = (
					"DEBUG=1",
					"$(inherited)",
				);
				GCC_WARN_64_TO_32_BIT_CONVERSION = YES;
				GCC_WARN_ABOUT_RETURN_TYPE = YES_ERROR;
				GCC_WARN_UNDECLARED_SELECTOR = YES;
				GCC_WARN_UNINITIALIZED_AUTOS = YES_AGGRESSIVE;
				GCC_WARN_UNUSED_FUNCTION = YES;
				GCC_WARN_UNUSED_VARIABLE = YES;
				IPHONEOS_DEPLOYMENT_TARGET = 9.2;
				MTL_ENABLE_DEBUG_INFO = YES;
				ONLY_ACTIVE_ARCH = YES;
				SDKROOT = iphoneos;
			};
			name = Debug;
		};
		6AB3B0931C76F81A0003B8B2 /* Release */ = {
			isa = XCBuildConfiguration;
			buildSettings = {
				ALWAYS_SEARCH_USER_PATHS = NO;
				CLANG_CXX_LANGUAGE_STANDARD = "gnu++0x";
				CLANG_CXX_LIBRARY = "libc++";
				CLANG_ENABLE_MODULES = YES;
				CLANG_ENABLE_OBJC_ARC = YES;
				CLANG_WARN_BOOL_CONVERSION = YES;
				CLANG_WARN_CONSTANT_CONVERSION = YES;
				CLANG_WARN_DIRECT_OBJC_ISA_USAGE = YES_ERROR;
				CLANG_WARN_EMPTY_BODY = YES;
				CLANG_WARN_ENUM_CONVERSION = YES;
				CLANG_WARN_INT_CONVERSION = YES;
				CLANG_WARN_OBJC_ROOT_CLASS = YES_ERROR;
				CLANG_WARN_UNREACHABLE_CODE = YES;
				CLANG_WARN__DUPLICATE_METHOD_MATCH = YES;
				"CODE_SIGN_IDENTITY[sdk=iphoneos*]" = "iPhone Developer";
				COPY_PHASE_STRIP = NO;
				DEBUG_INFORMATION_FORMAT = "dwarf-with-dsym";
				ENABLE_NS_ASSERTIONS = NO;
				ENABLE_STRICT_OBJC_MSGSEND = YES;
				GCC_C_LANGUAGE_STANDARD = gnu99;
				GCC_NO_COMMON_BLOCKS = YES;
				GCC_WARN_64_TO_32_BIT_CONVERSION = YES;
				GCC_WARN_ABOUT_RETURN_TYPE = YES_ERROR;
				GCC_WARN_UNDECLARED_SELECTOR = YES;
				GCC_WARN_UNINITIALIZED_AUTOS = YES_AGGRESSIVE;
				GCC_WARN_UNUSED_FUNCTION = YES;
				GCC_WARN_UNUSED_VARIABLE = YES;
				IPHONEOS_DEPLOYMENT_TARGET = 9.2;
				MTL_ENABLE_DEBUG_INFO = NO;
				SDKROOT = iphoneos;
				VALIDATE_PRODUCT = YES;
			};
			name = Release;
		};
		6AB3B0951C76F81A0003B8B2 /* Debug */ = {
			isa = XCBuildConfiguration;
			baseConfigurationReference = 0036B6D98F841B0332094D80 /* Pods.debug.xcconfig */;
			buildSettings = {
				ASSETCATALOG_COMPILER_APPICON_NAME = AppIcon;
				CODE_SIGN_IDENTITY = "iPhone Developer";
				INFOPLIST_FILE = WebViewImage/Info.plist;
				LD_RUNPATH_SEARCH_PATHS = "$(inherited) @executable_path/Frameworks";
				PRODUCT_BUNDLE_IDENTIFIER = MyProgramName.WebViewImage;
				PRODUCT_NAME = "$(TARGET_NAME)";
			};
			name = Debug;
		};
		6AB3B0961C76F81A0003B8B2 /* Release */ = {
			isa = XCBuildConfiguration;
			baseConfigurationReference = E91434C758E48E2B1B762A20 /* Pods.release.xcconfig */;
			buildSettings = {
				ASSETCATALOG_COMPILER_APPICON_NAME = AppIcon;
				CODE_SIGN_IDENTITY = "iPhone Developer";
				INFOPLIST_FILE = WebViewImage/Info.plist;
				LD_RUNPATH_SEARCH_PATHS = "$(inherited) @executable_path/Frameworks";
				PRODUCT_BUNDLE_IDENTIFIER = MyProgramName.WebViewImage;
				PRODUCT_NAME = "$(TARGET_NAME)";
			};
			name = Release;
		};
		6AB3B0981C76F81A0003B8B2 /* Debug */ = {
			isa = XCBuildConfiguration;
			buildSettings = {
				BUNDLE_LOADER = "$(TEST_HOST)";
				INFOPLIST_FILE = WebViewImageTests/Info.plist;
				LD_RUNPATH_SEARCH_PATHS = "$(inherited) @executable_path/Frameworks @loader_path/Frameworks";
				PRODUCT_BUNDLE_IDENTIFIER = MyProgramName.WebViewImageTests;
				PRODUCT_NAME = "$(TARGET_NAME)";
				TEST_HOST = "$(BUILT_PRODUCTS_DIR)/WebViewImage.app/WebViewImage";
			};
			name = Debug;
		};
		6AB3B0991C76F81A0003B8B2 /* Release */ = {
			isa = XCBuildConfiguration;
			buildSettings = {
				BUNDLE_LOADER = "$(TEST_HOST)";
				INFOPLIST_FILE = WebViewImageTests/Info.plist;
				LD_RUNPATH_SEARCH_PATHS = "$(inherited) @executable_path/Frameworks @loader_path/Frameworks";
				PRODUCT_BUNDLE_IDENTIFIER = MyProgramName.WebViewImageTests;
				PRODUCT_NAME = "$(TARGET_NAME)";
				TEST_HOST = "$(BUILT_PRODUCTS_DIR)/WebViewImage.app/WebViewImage";
			};
			name = Release;
		};
/* End XCBuildConfiguration section */

/* Begin XCConfigurationList section */
		6AB3B06D1C76F81A0003B8B2 /* Build configuration list for PBXProject "WebViewImage" */ = {
			isa = XCConfigurationList;
			buildConfigurations = (
				6AB3B0921C76F81A0003B8B2 /* Debug */,
				6AB3B0931C76F81A0003B8B2 /* Release */,
			);
			defaultConfigurationIsVisible = 0;
			defaultConfigurationName = Release;
		};
		6AB3B0941C76F81A0003B8B2 /* Build configuration list for PBXNativeTarget "WebViewImage" */ = {
			isa = XCConfigurationList;
			buildConfigurations = (
				6AB3B0951C76F81A0003B8B2 /* Debug */,
				6AB3B0961C76F81A0003B8B2 /* Release */,
			);
			defaultConfigurationIsVisible = 0;
			defaultConfigurationName = Release;
		};
		6AB3B0971C76F81A0003B8B2 /* Build configuration list for PBXNativeTarget "WebViewImageTests" */ = {
			isa = XCConfigurationList;
			buildConfigurations = (
				6AB3B0981C76F81A0003B8B2 /* Debug */,
				6AB3B0991C76F81A0003B8B2 /* Release */,
			);
			defaultConfigurationIsVisible = 0;
			defaultConfigurationName = Release;
		};
/* End XCConfigurationList section */
	};
	rootObject = 6AB3B06A1C76F81A0003B8B2 /* Project object */;
}
